
Microsoft Visual Studio Solution File, Format Version 12.00
# Visual Studio Version 16
VisualStudioVersion = 16.0.28803.452
MinimumVisualStudioVersion = 10.0.40219.1
Project("{FAE04EC0-301F-11D3-BF4B-00C04F79EFBC}") = "activityOne", "activityOne\activityOne.csproj", "{644243C1-C0CA-456C-84AC-2463E1F71DF5}"
EndProject
Project("{FAE04EC0-301F-11D3-BF4B-00C04F79EFBC}") = "Week5", "Week5\Week5.csproj", "{6A1485B7-14DA-4684-9EDE-347DDCE5812A}"
EndProject
Project("{FAE04EC0-301F-11D3-BF4B-00C04F79EFBC}") = "CustomListView", "CustomListView\CustomListView.csproj", "{3C1DC38F-8F52-44DC-A54F-B4B3117F6098}"
EndProject
Project("{FAE04EC0-301F-11D3-BF4B-00C04F79EFBC}") = "TabBar", "TabBar\TabBar.csproj", "{73594B9A-EA58-4785-9E79-7D62443DC5D8}"
EndProject
Global
	GlobalSection(SolutionConfigurationPlatforms) = preSolution
		Debug|Any CPU = Debug|Any CPU
		Release|Any CPU = Release|Any CPU
	EndGlobalSection
	GlobalSection(ProjectConfigurationPlatforms) = postSolution
		{644243C1-C0CA-456C-84AC-2463E1F71DF5}.Debug|Any CPU.ActiveCfg = Debug|Any CPU
		{644243C1-C0CA-456C-84AC-2463E1F71DF5}.Debug|Any CPU.Build.0 = Debug|Any CPU
		{644243C1-C0CA-456C-84AC-2463E1F71DF5}.Debug|Any CPU.Deploy.0 = Debug|Any CPU
		{644243C1-C0CA-456C-84AC-2463E1F71DF5}.Release|Any CPU.ActiveCfg = Release|Any CPU
		{644243C1-C0CA-456C-84AC-2463E1F71DF5}.Release|Any CPU.Build.0 = Release|Any CPU
		{644243C1-C0CA-456C-84AC-2463E1F71DF5}.Release|Any CPU.Deploy.0 = Release|Any CPU
		{6A1485B7-14DA-4684-9EDE-347DDCE5812A}.Debug|Any CPU.ActiveCfg = Debug|Any CPU
		{6A1485B7-14DA-4684-9EDE-347DDCE5812A}.Debug|Any CPU.Build.0 = Debug|Any CPU
		{6A1485B7-14DA-4684-9EDE-347DDCE5812A}.Debug|Any CPU.Deploy.0 = Debug|Any CPU
		{6A1485B7-14DA-4684-9EDE-347DDCE5812A}.Release|Any CPU.ActiveCfg = Release|Any CPU
		{6A1485B7-14DA-4684-9EDE-347DDCE5812A}.Release|Any CPU.Build.0 = Release|Any CPU
		{6A1485B7-14DA-4684-9EDE-347DDCE5812A}.Release|Any CPU.Deploy.0 = Release|Any CPU
		{3C1DC38F-8F52-44DC-A54F-B4B3117F6098}.Debug|Any CPU.ActiveCfg = Debug|Any CPU
		{3C1DC38F-8F52-44DC-A54F-B4B3117F6098}.Debug|Any CPU.Build.0 = Debug|Any CPU
		{3C1DC38F-8F52-44DC-A54F-B4B3117F6098}.Debug|Any CPU.Deploy.0 = Debug|Any CPU
		{3C1DC38F-8F52-44DC-A54F-B4B3117F6098}.Release|Any CPU.ActiveCfg = Release|Any CPU
		{3C1DC38F-8F52-44DC-A54F-B4B3117F6098}.Release|Any CPU.Build.0 = Release|Any CPU
		{3C1DC38F-8F52-44DC-A54F-B4B3117F6098}.Release|Any CPU.Deploy.0 = Release|Any CPU
		{73594B9A-EA58-4785-9E79-7D62443DC5D8}.Debug|Any CPU.ActiveCfg = Debug|Any CPU
		{73594B9A-EA58-4785-9E79-7D62443DC5D8}.Debug|Any CPU.Build.0 = Debug|Any CPU
		{73594B9A-EA58-4785-9E79-7D62443DC5D8}.Debug|Any CPU.Deploy.0 = Debug|Any CPU
		{73594B9A-EA58-4785-9E79-7D62443DC5D8}.Release|Any CPU.ActiveCfg = Release|Any CPU
		{73594B9A-EA58-4785-9E79-7D62443DC5D8}.Release|Any CPU.Build.0 = Release|Any CPU
		{73594B9A-EA58-4785-9E79-7D62443DC5D8}.Release|Any CPU.Deploy.0 = Release|Any CPU
	EndGlobalSection
	GlobalSection(SolutionProperties) = preSolution
		HideSolutionNode = FALSE
	EndGlobalSection
	GlobalSection(ExtensibilityGlobals) = postSolution
		SolutionGuid = {5EA60D3A-2E3C-4928-A154-1CC6C2054A68}
	EndGlobalSection
EndGlobal
